// !$*UTF8*$!
{
	archiveVersion = 1;
	classes = {
	};
	objectVersion = 56;
	objects = {

/* Begin PBXBuildFile section */
		CB0C63422C0D1FBB0089A6A4 /* PokemonCoordinator.m in Sources */ = {isa = PBXBuildFile; fileRef = CB0C63412C0D1FBB0089A6A4 /* PokemonCoordinator.m */; };
		CB0C63452C0D26CD0089A6A4 /* PokemonView.m in Sources */ = {isa = PBXBuildFile; fileRef = CB0C63442C0D26CD0089A6A4 /* PokemonView.m */; };
		CB0C63482C0D38C90089A6A4 /* PokemonAdapter.m in Sources */ = {isa = PBXBuildFile; fileRef = CB0C63472C0D38C90089A6A4 /* PokemonAdapter.m */; };
		CB0C634B2C0D3B160089A6A4 /* PokemonPresenter.m in Sources */ = {isa = PBXBuildFile; fileRef = CB0C634A2C0D3B160089A6A4 /* PokemonPresenter.m */; };
		CB0C634D2C17DDA70089A6A4 /* PokemonViewModel.m in Sources */ = {isa = PBXBuildFile; fileRef = CB0C634C2C17DDA70089A6A4 /* PokemonViewModel.m */; };
		CB36CDCD2C0ABE1800015979 /* AppDelegate.m in Sources */ = {isa = PBXBuildFile; fileRef = CB36CDCC2C0ABE1800015979 /* AppDelegate.m */; };
		CB36CDD32C0ABE1800015979 /* PokemonViewController.m in Sources */ = {isa = PBXBuildFile; fileRef = CB36CDD22C0ABE1800015979 /* PokemonViewController.m */; };
		CB36CDD82C0ABE1B00015979 /* Assets.xcassets in Resources */ = {isa = PBXBuildFile; fileRef = CB36CDD72C0ABE1B00015979 /* Assets.xcassets */; };
		CB36CDDB2C0ABE1B00015979 /* Base in Resources */ = {isa = PBXBuildFile; fileRef = CB36CDDA2C0ABE1B00015979 /* Base */; };
		CB36CDDE2C0ABE1B00015979 /* main.m in Sources */ = {isa = PBXBuildFile; fileRef = CB36CDDD2C0ABE1B00015979 /* main.m */; };
		CB36CDEF2C0B6C8200015979 /* Network.m in Sources */ = {isa = PBXBuildFile; fileRef = CB36CDEE2C0B6C8200015979 /* Network.m */; };
		CB78B0FA2C86903300C9CE44 /* PokemonTableViewCell.m in Sources */ = {isa = PBXBuildFile; fileRef = CB78B0F92C86903300C9CE44 /* PokemonTableViewCell.m */; };
/* End PBXBuildFile section */

/* Begin PBXFileReference section */
		CB0C63352C0C09130089A6A4 /* PokemonModel.h */ = {isa = PBXFileReference; lastKnownFileType = sourcecode.c.h; path = PokemonModel.h; sourceTree = "<group>"; };
		CB0C633B2C0C0A4B0089A6A4 /* PokemonViewModel.h */ = {isa = PBXFileReference; lastKnownFileType = sourcecode.c.h; path = PokemonViewModel.h; sourceTree = "<group>"; };
		CB0C633F2C0C10530089A6A4 /* PokemonProtocols.h */ = {isa = PBXFileReference; lastKnownFileType = sourcecode.c.h; path = PokemonProtocols.h; sourceTree = "<group>"; };
		CB0C63402C0D1FBB0089A6A4 /* PokemonCoordinator.h */ = {isa = PBXFileReference; lastKnownFileType = sourcecode.c.h; path = PokemonCoordinator.h; sourceTree = "<group>"; };
		CB0C63412C0D1FBB0089A6A4 /* PokemonCoordinator.m */ = {isa = PBXFileReference; lastKnownFileType = sourcecode.c.objc; path = PokemonCoordinator.m; sourceTree = "<group>"; };
		CB0C63432C0D26CD0089A6A4 /* PokemonView.h */ = {isa = PBXFileReference; lastKnownFileType = sourcecode.c.h; path = PokemonView.h; sourceTree = "<group>"; };
		CB0C63442C0D26CD0089A6A4 /* PokemonView.m */ = {isa = PBXFileReference; lastKnownFileType = sourcecode.c.objc; path = PokemonView.m; sourceTree = "<group>"; };
		CB0C63462C0D38C90089A6A4 /* PokemonAdapter.h */ = {isa = PBXFileReference; lastKnownFileType = sourcecode.c.h; path = PokemonAdapter.h; sourceTree = "<group>"; };
		CB0C63472C0D38C90089A6A4 /* PokemonAdapter.m */ = {isa = PBXFileReference; lastKnownFileType = sourcecode.c.objc; path = PokemonAdapter.m; sourceTree = "<group>"; };
		CB0C63492C0D3B160089A6A4 /* PokemonPresenter.h */ = {isa = PBXFileReference; lastKnownFileType = sourcecode.c.h; path = PokemonPresenter.h; sourceTree = "<group>"; };
		CB0C634A2C0D3B160089A6A4 /* PokemonPresenter.m */ = {isa = PBXFileReference; lastKnownFileType = sourcecode.c.objc; path = PokemonPresenter.m; sourceTree = "<group>"; };
		CB0C634C2C17DDA70089A6A4 /* PokemonViewModel.m */ = {isa = PBXFileReference; lastKnownFileType = sourcecode.c.objc; path = PokemonViewModel.m; sourceTree = "<group>"; };
		CB36CDC82C0ABE1800015979 /* ObjectiveC.app */ = {isa = PBXFileReference; explicitFileType = wrapper.application; includeInIndex = 0; path = ObjectiveC.app; sourceTree = BUILT_PRODUCTS_DIR; };
		CB36CDCB2C0ABE1800015979 /* AppDelegate.h */ = {isa = PBXFileReference; lastKnownFileType = sourcecode.c.h; path = AppDelegate.h; sourceTree = "<group>"; };
		CB36CDCC2C0ABE1800015979 /* AppDelegate.m */ = {isa = PBXFileReference; lastKnownFileType = sourcecode.c.objc; path = AppDelegate.m; sourceTree = "<group>"; };
		CB36CDD12C0ABE1800015979 /* PokemonViewController.h */ = {isa = PBXFileReference; lastKnownFileType = sourcecode.c.h; path = PokemonViewController.h; sourceTree = "<group>"; };
		CB36CDD22C0ABE1800015979 /* PokemonViewController.m */ = {isa = PBXFileReference; lastKnownFileType = sourcecode.c.objc; path = PokemonViewController.m; sourceTree = "<group>"; };
		CB36CDD72C0ABE1B00015979 /* Assets.xcassets */ = {isa = PBXFileReference; lastKnownFileType = folder.assetcatalog; path = Assets.xcassets; sourceTree = "<group>"; };
		CB36CDDA2C0ABE1B00015979 /* Base */ = {isa = PBXFileReference; lastKnownFileType = file.storyboard; name = Base; path = Base.lproj/LaunchScreen.storyboard; sourceTree = "<group>"; };
		CB36CDDC2C0ABE1B00015979 /* Info.plist */ = {isa = PBXFileReference; lastKnownFileType = text.plist.xml; path = Info.plist; sourceTree = "<group>"; };
		CB36CDDD2C0ABE1B00015979 /* main.m */ = {isa = PBXFileReference; lastKnownFileType = sourcecode.c.objc; path = main.m; sourceTree = "<group>"; };
		CB36CDE82C0B606600015979 /* Network.h */ = {isa = PBXFileReference; lastKnownFileType = sourcecode.c.h; path = Network.h; sourceTree = "<group>"; };
		CB36CDEE2C0B6C8200015979 /* Network.m */ = {isa = PBXFileReference; lastKnownFileType = sourcecode.c.objc; path = Network.m; sourceTree = "<group>"; };
		CB78B0F82C86901B00C9CE44 /* PokemonTableViewCell.h */ = {isa = PBXFileReference; lastKnownFileType = sourcecode.c.h; path = PokemonTableViewCell.h; sourceTree = "<group>"; };
		CB78B0F92C86903300C9CE44 /* PokemonTableViewCell.m */ = {isa = PBXFileReference; lastKnownFileType = sourcecode.c.objc; path = PokemonTableViewCell.m; sourceTree = "<group>"; };
/* End PBXFileReference section */

/* Begin PBXFrameworksBuildPhase section */
		CB36CDC52C0ABE1800015979 /* Frameworks */ = {
			isa = PBXFrameworksBuildPhase;
			buildActionMask = 2147483647;
			files = (
			);
			runOnlyForDeploymentPostprocessing = 0;
		};
/* End PBXFrameworksBuildPhase section */

/* Begin PBXGroup section */
		CB0C63312C0C08A40089A6A4 /* Model */ = {
			isa = PBXGroup;
			children = (
				CB0C63352C0C09130089A6A4 /* PokemonModel.h */,
				CB0C633B2C0C0A4B0089A6A4 /* PokemonViewModel.h */,
				CB0C634C2C17DDA70089A6A4 /* PokemonViewModel.m */,
			);
			path = Model;
			sourceTree = "<group>";
		};
		CB0C63322C0C08B20089A6A4 /* View */ = {
			isa = PBXGroup;
			children = (
				CB0C63432C0D26CD0089A6A4 /* PokemonView.h */,
				CB0C63442C0D26CD0089A6A4 /* PokemonView.m */,
				CB78B0F82C86901B00C9CE44 /* PokemonTableViewCell.h */,
				CB78B0F92C86903300C9CE44 /* PokemonTableViewCell.m */,
			);
			path = View;
			sourceTree = "<group>";
		};
		CB36CDBF2C0ABE1800015979 = {
			isa = PBXGroup;
			children = (
				CB36CDCA2C0ABE1800015979 /* ObjectiveC */,
				CB36CDC92C0ABE1800015979 /* Products */,
			);
			sourceTree = "<group>";
		};
		CB36CDC92C0ABE1800015979 /* Products */ = {
			isa = PBXGroup;
			children = (
				CB36CDC82C0ABE1800015979 /* ObjectiveC.app */,
			);
			name = Products;
			sourceTree = "<group>";
		};
		CB36CDCA2C0ABE1800015979 /* ObjectiveC */ = {
			isa = PBXGroup;
			children = (
				CB36CDE42C0ABE6800015979 /* Application */,
				CB36CDE72C0B604C00015979 /* Network */,
				CB36CDE62C0AC20C00015979 /* Scene */,
				CB36CDE52C0ABE7C00015979 /* Resources */,
			);
			path = ObjectiveC;
			sourceTree = "<group>";
		};
		CB36CDE42C0ABE6800015979 /* Application */ = {
			isa = PBXGroup;
			children = (
				CB36CDCB2C0ABE1800015979 /* AppDelegate.h */,
				CB36CDCC2C0ABE1800015979 /* AppDelegate.m */,
				CB36CDDD2C0ABE1B00015979 /* main.m */,
			);
			path = Application;
			sourceTree = "<group>";
		};
		CB36CDE52C0ABE7C00015979 /* Resources */ = {
			isa = PBXGroup;
			children = (
				CB36CDD72C0ABE1B00015979 /* Assets.xcassets */,
				CB36CDD92C0ABE1B00015979 /* LaunchScreen.storyboard */,
				CB36CDDC2C0ABE1B00015979 /* Info.plist */,
			);
			path = Resources;
			sourceTree = "<group>";
		};
		CB36CDE62C0AC20C00015979 /* Scene */ = {
			isa = PBXGroup;
			children = (
				CB0C63312C0C08A40089A6A4 /* Model */,
				CB0C63322C0C08B20089A6A4 /* View */,
				CB36CDD12C0ABE1800015979 /* PokemonViewController.h */,
				CB36CDD22C0ABE1800015979 /* PokemonViewController.m */,
				CB0C633F2C0C10530089A6A4 /* PokemonProtocols.h */,
				CB0C63402C0D1FBB0089A6A4 /* PokemonCoordinator.h */,
				CB0C63412C0D1FBB0089A6A4 /* PokemonCoordinator.m */,
				CB0C63462C0D38C90089A6A4 /* PokemonAdapter.h */,
				CB0C63472C0D38C90089A6A4 /* PokemonAdapter.m */,
				CB0C63492C0D3B160089A6A4 /* PokemonPresenter.h */,
				CB0C634A2C0D3B160089A6A4 /* PokemonPresenter.m */,
			);
			path = Scene;
			sourceTree = "<group>";
		};
		CB36CDE72C0B604C00015979 /* Network */ = {
			isa = PBXGroup;
			children = (
				CB36CDE82C0B606600015979 /* Network.h */,
				CB36CDEE2C0B6C8200015979 /* Network.m */,
			);
			path = Network;
			sourceTree = "<group>";
		};
/* End PBXGroup section */

/* Begin PBXNativeTarget section */
		CB36CDC72C0ABE1800015979 /* ObjectiveC */ = {
			isa = PBXNativeTarget;
			buildConfigurationList = CB36CDE12C0ABE1B00015979 /* Build configuration list for PBXNativeTarget "ObjectiveC" */;
			buildPhases = (
				CB36CDC42C0ABE1800015979 /* Sources */,
				CB36CDC52C0ABE1800015979 /* Frameworks */,
				CB36CDC62C0ABE1800015979 /* Resources */,
			);
			buildRules = (
			);
			dependencies = (
			);
			name = ObjectiveC;
			productName = ObjectiveC;
			productReference = CB36CDC82C0ABE1800015979 /* ObjectiveC.app */;
			productType = "com.apple.product-type.application";
		};
/* End PBXNativeTarget section */

/* Begin PBXProject section */
		CB36CDC02C0ABE1800015979 /* Project object */ = {
			isa = PBXProject;
			attributes = {
				BuildIndependentTargetsInParallel = 1;
				LastUpgradeCheck = 1540;
				TargetAttributes = {
					CB36CDC72C0ABE1800015979 = {
						CreatedOnToolsVersion = 15.4;
					};
				};
			};
			buildConfigurationList = CB36CDC32C0ABE1800015979 /* Build configuration list for PBXProject "ObjectiveC" */;
			compatibilityVersion = "Xcode 14.0";
			developmentRegion = en;
			hasScannedForEncodings = 0;
			knownRegions = (
				en,
				Base,
			);
			mainGroup = CB36CDBF2C0ABE1800015979;
			productRefGroup = CB36CDC92C0ABE1800015979 /* Products */;
			projectDirPath = "";
			projectRoot = "";
			targets = (
				CB36CDC72C0ABE1800015979 /* ObjectiveC */,
			);
		};
/* End PBXProject section */

/* Begin PBXResourcesBuildPhase section */
		CB36CDC62C0ABE1800015979 /* Resources */ = {
			isa = PBXResourcesBuildPhase;
			buildActionMask = 2147483647;
			files = (
				CB36CDD82C0ABE1B00015979 /* Assets.xcassets in Resources */,
				CB36CDDB2C0ABE1B00015979 /* Base in Resources */,
			);
			runOnlyForDeploymentPostprocessing = 0;
		};
/* End PBXResourcesBuildPhase section */

/* Begin PBXSourcesBuildPhase section */
		CB36CDC42C0ABE1800015979 /* Sources */ = {
			isa = PBXSourcesBuildPhase;
			buildActionMask = 2147483647;
			files = (
				CB36CDD32C0ABE1800015979 /* PokemonViewController.m in Sources */,
				CB78B0FA2C86903300C9CE44 /* PokemonTableViewCell.m in Sources */,
				CB0C63422C0D1FBB0089A6A4 /* PokemonCoordinator.m in Sources */,
				CB0C63482C0D38C90089A6A4 /* PokemonAdapter.m in Sources */,
				CB0C63452C0D26CD0089A6A4 /* PokemonView.m in Sources */,
				CB0C634D2C17DDA70089A6A4 /* PokemonViewModel.m in Sources */,
				CB36CDCD2C0ABE1800015979 /* AppDelegate.m in Sources */,
				CB36CDEF2C0B6C8200015979 /* Network.m in Sources */,
				CB0C634B2C0D3B160089A6A4 /* PokemonPresenter.m in Sources */,
				CB36CDDE2C0ABE1B00015979 /* main.m in Sources */,
			);
			runOnlyForDeploymentPostprocessing = 0;
		};
/* End PBXSourcesBuildPhase section */

/* Begin PBXVariantGroup section */
		CB36CDD92C0ABE1B00015979 /* LaunchScreen.storyboard */ = {
			isa = PBXVariantGroup;
			children = (
				CB36CDDA2C0ABE1B00015979 /* Base */,
			);
			name = LaunchScreen.storyboard;
			sourceTree = "<group>";
		};
/* End PBXVariantGroup section */

/* Begin XCBuildConfiguration section */
		CB36CDDF2C0ABE1B00015979 /* Debug */ = {
			isa = XCBuildConfiguration;
			buildSettings = {
				ALWAYS_SEARCH_USER_PATHS = NO;
				ASSETCATALOG_COMPILER_GENERATE_SWIFT_ASSET_SYMBOL_EXTENSIONS = YES;
				CLANG_ANALYZER_NONNULL = YES;
				CLANG_ANALYZER_NUMBER_OBJECT_CONVERSION = YES_AGGRESSIVE;
				CLANG_CXX_LANGUAGE_STANDARD = "gnu++20";
				CLANG_ENABLE_MODULES = YES;
				CLANG_ENABLE_OBJC_ARC = YES;
				CLANG_ENABLE_OBJC_WEAK = YES;
				CLANG_WARN_BLOCK_CAPTURE_AUTORELEASING = YES;
				CLANG_WARN_BOOL_CONVERSION = YES;
				CLANG_WARN_COMMA = YES;
				CLANG_WARN_CONSTANT_CONVERSION = YES;
				CLANG_WARN_DEPRECATED_OBJC_IMPLEMENTATIONS = YES;
				CLANG_WARN_DIRECT_OBJC_ISA_USAGE = YES_ERROR;
				CLANG_WARN_DOCUMENTATION_COMMENTS = YES;
				CLANG_WARN_EMPTY_BODY = YES;
				CLANG_WARN_ENUM_CONVERSION = YES;
				CLANG_WARN_INFINITE_RECURSION = YES;
				CLANG_WARN_INT_CONVERSION = YES;
				CLANG_WARN_NON_LITERAL_NULL_CONVERSION = YES;
				CLANG_WARN_OBJC_IMPLICIT_RETAIN_SELF = YES;
				CLANG_WARN_OBJC_LITERAL_CONVERSION = YES;
				CLANG_WARN_OBJC_ROOT_CLASS = YES_ERROR;
				CLANG_WARN_QUOTED_INCLUDE_IN_FRAMEWORK_HEADER = YES;
				CLANG_WARN_RANGE_LOOP_ANALYSIS = YES;
				CLANG_WARN_STRICT_PROTOTYPES = YES;
				CLANG_WARN_SUSPICIOUS_MOVE = YES;
				CLANG_WARN_UNGUARDED_AVAILABILITY = YES_AGGRESSIVE;
				CLANG_WARN_UNREACHABLE_CODE = YES;
				CLANG_WARN__DUPLICATE_METHOD_MATCH = YES;
				COPY_PHASE_STRIP = NO;
				DEBUG_INFORMATION_FORMAT = dwarf;
				ENABLE_STRICT_OBJC_MSGSEND = YES;
				ENABLE_TESTABILITY = YES;
				ENABLE_USER_SCRIPT_SANDBOXING = YES;
				GCC_C_LANGUAGE_STANDARD = gnu17;
				GCC_DYNAMIC_NO_PIC = NO;
				GCC_NO_COMMON_BLOCKS = YES;
				GCC_OPTIMIZATION_LEVEL = 0;
				GCC_PREPROCESSOR_DEFINITIONS = (
					"DEBUG=1",
					"$(inherited)",
				);
				GCC_WARN_64_TO_32_BIT_CONVERSION = YES;
				GCC_WARN_ABOUT_RETURN_TYPE = YES_ERROR;
				GCC_WARN_UNDECLARED_SELECTOR = YES;
				GCC_WARN_UNINITIALIZED_AUTOS = YES_AGGRESSIVE;
				GCC_WARN_UNUSED_FUNCTION = YES;
				GCC_WARN_UNUSED_VARIABLE = YES;
				IPHONEOS_DEPLOYMENT_TARGET = 11.0;
				LOCALIZATION_PREFERS_STRING_CATALOGS = YES;
				MTL_ENABLE_DEBUG_INFO = INCLUDE_SOURCE;
				MTL_FAST_MATH = YES;
				ONLY_ACTIVE_ARCH = YES;
				SDKROOT = iphoneos;
			};
			name = Debug;
		};
		CB36CDE02C0ABE1B00015979 /* Release */ = {
			isa = XCBuildConfiguration;
			buildSettings = {
				ALWAYS_SEARCH_USER_PATHS = NO;
				ASSETCATALOG_COMPILER_GENERATE_SWIFT_ASSET_SYMBOL_EXTENSIONS = YES;
				CLANG_ANALYZER_NONNULL = YES;
				CLANG_ANALYZER_NUMBER_OBJECT_CONVERSION = YES_AGGRESSIVE;
				CLANG_CXX_LANGUAGE_STANDARD = "gnu++20";
				CLANG_ENABLE_MODULES = YES;
				CLANG_ENABLE_OBJC_ARC = YES;
				CLANG_ENABLE_OBJC_WEAK = YES;
				CLANG_WARN_BLOCK_CAPTURE_AUTORELEASING = YES;
				CLANG_WARN_BOOL_CONVERSION = YES;
				CLANG_WARN_COMMA = YES;
				CLANG_WARN_CONSTANT_CONVERSION = YES;
				CLANG_WARN_DEPRECATED_OBJC_IMPLEMENTATIONS = YES;
				CLANG_WARN_DIRECT_OBJC_ISA_USAGE = YES_ERROR;
				CLANG_WARN_DOCUMENTATION_COMMENTS = YES;
				CLANG_WARN_EMPTY_BODY = YES;
				CLANG_WARN_ENUM_CONVERSION = YES;
				CLANG_WARN_INFINITE_RECURSION = YES;
				CLANG_WARN_INT_CONVERSION = YES;
				CLANG_WARN_NON_LITERAL_NULL_CONVERSION = YES;
				CLANG_WARN_OBJC_IMPLICIT_RETAIN_SELF = YES;
				CLANG_WARN_OBJC_LITERAL_CONVERSION = YES;
				CLANG_WARN_OBJC_ROOT_CLASS = YES_ERROR;
				CLANG_WARN_QUOTED_INCLUDE_IN_FRAMEWORK_HEADER = YES;
				CLANG_WARN_RANGE_LOOP_ANALYSIS = YES;
				CLANG_WARN_STRICT_PROTOTYPES = YES;
				CLANG_WARN_SUSPICIOUS_MOVE = YES;
				CLANG_WARN_UNGUARDED_AVAILABILITY = YES_AGGRESSIVE;
				CLANG_WARN_UNREACHABLE_CODE = YES;
				CLANG_WARN__DUPLICATE_METHOD_MATCH = YES;
				COPY_PHASE_STRIP = NO;
				DEBUG_INFORMATION_FORMAT = "dwarf-with-dsym";
				ENABLE_NS_ASSERTIONS = NO;
				ENABLE_STRICT_OBJC_MSGSEND = YES;
				ENABLE_USER_SCRIPT_SANDBOXING = YES;
				GCC_C_LANGUAGE_STANDARD = gnu17;
				GCC_NO_COMMON_BLOCKS = YES;
				GCC_WARN_64_TO_32_BIT_CONVERSION = YES;
				GCC_WARN_ABOUT_RETURN_TYPE = YES_ERROR;
				GCC_WARN_UNDECLARED_SELECTOR = YES;
				GCC_WARN_UNINITIALIZED_AUTOS = YES_AGGRESSIVE;
				GCC_WARN_UNUSED_FUNCTION = YES;
				GCC_WARN_UNUSED_VARIABLE = YES;
				IPHONEOS_DEPLOYMENT_TARGET = 11.0;
				LOCALIZATION_PREFERS_STRING_CATALOGS = YES;
				MTL_ENABLE_DEBUG_INFO = NO;
				MTL_FAST_MATH = YES;
				SDKROOT = iphoneos;
				VALIDATE_PRODUCT = YES;
			};
			name = Release;
		};
		CB36CDE22C0ABE1B00015979 /* Debug */ = {
			isa = XCBuildConfiguration;
			buildSettings = {
				ASSETCATALOG_COMPILER_APPICON_NAME = AppIcon;
				ASSETCATALOG_COMPILER_GLOBAL_ACCENT_COLOR_NAME = AccentColor;
				CODE_SIGN_STYLE = Manual;
				CURRENT_PROJECT_VERSION = 1;
				DEVELOPMENT_TEAM = "";
				GENERATE_INFOPLIST_FILE = YES;
				INFOPLIST_FILE = ObjectiveC/Resources/Info.plist;
				INFOPLIST_KEY_UIApplicationSupportsIndirectInputEvents = YES;
				INFOPLIST_KEY_UILaunchStoryboardName = LaunchScreen;
				INFOPLIST_KEY_UISupportedInterfaceOrientations = UIInterfaceOrientationPortrait;
				INFOPLIST_KEY_UISupportedInterfaceOrientations_iPad = "UIInterfaceOrientationLandscapeLeft UIInterfaceOrientationLandscapeRight UIInterfaceOrientationPortraitUpsideDown";
				LD_RUNPATH_SEARCH_PATHS = (
					"$(inherited)",
					"@executable_path/Frameworks",
				);
				MACOSX_DEPLOYMENT_TARGET = "";
				MARKETING_VERSION = 1.0;
				PRODUCT_BUNDLE_IDENTIFIER = br.com.zewuchen.ObjectiveC;
				PRODUCT_NAME = "$(TARGET_NAME)";
				PROVISIONING_PROFILE_SPECIFIER = "";
				SUPPORTED_PLATFORMS = "iphoneos iphonesimulator";
				SUPPORTS_MACCATALYST = NO;
				SUPPORTS_MAC_DESIGNED_FOR_IPHONE_IPAD = NO;
				SUPPORTS_XR_DESIGNED_FOR_IPHONE_IPAD = NO;
				SWIFT_EMIT_LOC_STRINGS = YES;
				TARGETED_DEVICE_FAMILY = 1;
				TVOS_DEPLOYMENT_TARGET = "";
				WATCHOS_DEPLOYMENT_TARGET = "";
				XROS_DEPLOYMENT_TARGET = "";
			};
			name = Debug;
		};
		CB36CDE32C0ABE1B00015979 /* Release */ = {
			isa = XCBuildConfiguration;
			buildSettings = {
				ASSETCATALOG_COMPILER_APPICON_NAME = AppIcon;
				ASSETCATALOG_COMPILER_GLOBAL_ACCENT_COLOR_NAME = AccentColor;
				CODE_SIGN_STYLE = Manual;
				CURRENT_PROJECT_VERSION = 1;
				DEVELOPMENT_TEAM = "";
				GENERATE_INFOPLIST_FILE = YES;
				INFOPLIST_FILE = ObjectiveC/Resources/Info.plist;
				INFOPLIST_KEY_UIApplicationSupportsIndirectInputEvents = YES;
				INFOPLIST_KEY_UILaunchStoryboardName = LaunchScreen;
				INFOPLIST_KEY_UISupportedInterfaceOrientations = UIInterfaceOrientationPortrait;
				INFOPLIST_KEY_UISupportedInterfaceOrientations_iPad = "UIInterfaceOrientationLandscapeLeft UIInterfaceOrientationLandscapeRight UIInterfaceOrientationPortraitUpsideDown";
				LD_RUNPATH_SEARCH_PATHS = (
					"$(inherited)",
					"@executable_path/Frameworks",
				);
				MACOSX_DEPLOYMENT_TARGET = "";
				MARKETING_VERSION = 1.0;
				PRODUCT_BUNDLE_IDENTIFIER = br.com.zewuchen.ObjectiveC;
				PRODUCT_NAME = "$(TARGET_NAME)";
				PROVISIONING_PROFILE_SPECIFIER = "";
				SUPPORTED_PLATFORMS = "iphoneos iphonesimulator";
				SUPPORTS_MACCATALYST = NO;
				SUPPORTS_MAC_DESIGNED_FOR_IPHONE_IPAD = NO;
				SUPPORTS_XR_DESIGNED_FOR_IPHONE_IPAD = NO;
				SWIFT_EMIT_LOC_STRINGS = YES;
				TARGETED_DEVICE_FAMILY = 1;
				TVOS_DEPLOYMENT_TARGET = "";
				WATCHOS_DEPLOYMENT_TARGET = "";
				XROS_DEPLOYMENT_TARGET = "";
			};
			name = Release;
		};
/* End XCBuildConfiguration section */

/* Begin XCConfigurationList section */
		CB36CDC32C0ABE1800015979 /* Build configuration list for PBXProject "ObjectiveC" */ = {
			isa = XCConfigurationList;
			buildConfigurations = (
				CB36CDDF2C0ABE1B00015979 /* Debug */,
				CB36CDE02C0ABE1B00015979 /* Release */,
			);
			defaultConfigurationIsVisible = 0;
			defaultConfigurationName = Release;
		};
		CB36CDE12C0ABE1B00015979 /* Build configuration list for PBXNativeTarget "ObjectiveC" */ = {
			isa = XCConfigurationList;
			buildConfigurations = (
				CB36CDE22C0ABE1B00015979 /* Debug */,
				CB36CDE32C0ABE1B00015979 /* Release */,
			);
			defaultConfigurationIsVisible = 0;
			defaultConfigurationName = Release;
		};
/* End XCConfigurationList section */
	};
	rootObject = CB36CDC02C0ABE1800015979 /* Project object */;
}
